{
  "name": "openvidu-angular",
  "version": "2.15.0",
  "lockfileVersion": 1,
  "requires": true,
  "dependencies": {
    "@angular/animations": {
      "version": "10.0.6",
      "resolved": "https://registry.npmjs.org/@angular/animations/-/animations-10.0.6.tgz",
      "integrity": "sha512-D2cDrfwnVjL0/6m1v35mAYebH2z0I3WJXohhePaDHEKBEXfXpBIbqqSiRpV9jLSa/xgmJPh4FSNVDCmKmuEmfg==",
      "requires": {
        "tslib": "^2.0.0"
      }
    },
    "@angular/cdk": {
      "version": "10.1.1",
      "resolved": "https://registry.npmjs.org/@angular/cdk/-/cdk-10.1.1.tgz",
      "integrity": "sha512-Gt9TmqSVxPTmuNkApEuvva25U60WW152r9+vL7ViFgG+297RE7tzUU8ffBwMXZMdtXnrhLKqLv6ZaBhihMM2Kw==",
      "requires": {
        "parse5": "^5.0.0",
        "tslib": "^2.0.0"
      }
    },
    "@angular/flex-layout": {
      "version": "10.0.0-beta.32",
      "resolved": "https://registry.npmjs.org/@angular/flex-layout/-/flex-layout-10.0.0-beta.32.tgz",
      "integrity": "sha512-JvuY4dUoy5jyCTIrFiq7n30Znakh1pD3nbg0h0hs2r3t1OiDQb0ZSI1wcumosG/vYHsuJQTuNhbfaIZzA1x8nA==",
      "requires": {
        "tslib": "^2.0.0"
      }
    },
    "@angular/material": {
      "version": "10.1.1",
      "resolved": "https://registry.npmjs.org/@angular/material/-/material-10.1.1.tgz",
      "integrity": "sha512-D9VXwW2ieDUvkQD1VVEX6bxIdCaK6uA6jHpMU2ZLTIQ/EzNRDRwmJbr4rqPhxtHmLMXF+66EBXEjgyV7l91h5g==",
      "requires": {
        "tslib": "^2.0.0"
      }
    },
    "@types/node": {
      "version": "13.13.2",
      "resolved": "https://registry.npmjs.org/@types/node/-/node-13.13.2.tgz",
      "integrity": "sha512-LB2R1Oyhpg8gu4SON/mfforE525+Hi/M1ineICEDftqNVTyFg1aRIeGuTvXAoWHc4nbrFncWtJgMmoyRvuGh7A=="
    },
    "@types/platform": {
      "version": "1.3.2",
      "resolved": "https://registry.npmjs.org/@types/platform/-/platform-1.3.2.tgz",
      "integrity": "sha512-Tn6OuJDAG7bJbyi4R7HqcxXp1w2lmIxVXqyNhPt1Bm0FO2EWIi3CI87JVzF7ncqK0ZMPuUycS3wTMIk85EeF1Q=="
    },
    "freeice": {
      "version": "2.2.2",
      "resolved": "https://registry.npmjs.org/freeice/-/freeice-2.2.2.tgz",
      "integrity": "sha512-XNoIxDHufqPIBSLpp4IrFPnoc+hv/0RwdOGhIoggIDC2ZKf5r6OoixbeoFJSmZOAq2aYiEUArhuQ8zVVrM5C4w==",
      "requires": {
        "normalice": "^1.0.0"
      }
    },
    "hark": {
      "version": "1.2.3",
      "resolved": "https://registry.npmjs.org/hark/-/hark-1.2.3.tgz",
      "integrity": "sha512-u68vz9SCa38ESiFJSDjqK8XbXqWzyot7Cj6Y2b6jk2NJ+II3MY2dIrLMg/kjtIAun4Y1DHF/20hfx4rq1G5GMg==",
      "requires": {
        "wildemitter": "^1.2.0"
      }
    },
    "linkifyjs": {
      "version": "2.1.9",
      "resolved": "https://registry.npmjs.org/linkifyjs/-/linkifyjs-2.1.9.tgz",
      "integrity": "sha512-74ivurkK6WHvHFozVaGtQWV38FzBwSTGNmJolEgFp7QgR2bl6ArUWlvT4GcHKbPe1z3nWYi+VUdDZk16zDOVug=="
    },
    "ngx-linkifyjs": {
      "version": "1.3.0",
      "resolved": "https://registry.npmjs.org/ngx-linkifyjs/-/ngx-linkifyjs-1.3.0.tgz",
      "integrity": "sha512-muD7jSwjL/33uza3nYFieGdxsoFuQXV4B5FXqYe1xOqSWU11wdtUfGg5rMDcj/YHygUFDHwoaR+9fpPZCdx9XQ==",
      "requires": {
        "linkifyjs": "^2.1.7"
      }
    },
    "normalice": {
      "version": "1.0.1",
      "resolved": "https://registry.npmjs.org/normalice/-/normalice-1.0.1.tgz",
      "integrity": "sha1-A0NcLuzVYxprygLaOTDsPjRagPc="
    },
    "openvidu-browser": {
      "version": "2.15.1-alpha2",
      "resolved": "https://registry.npmjs.org/openvidu-browser/-/openvidu-browser-2.15.1-alpha2.tgz",
      "integrity": "sha512-oYpqetp6g/YvwJmoWtx5ndW0ry25PaxMYOnt0nZpKIY+8g6FcU53F7ojqYQMTuNTPL2Uutr3O49GOIqh8zT9Rw==",
      "requires": {
        "@types/node": "13.13.2",
        "@types/platform": "1.3.2",
        "freeice": "2.2.2",
        "hark": "1.2.3",
        "platform": "1.3.5",
        "uuid": "7.0.3",
        "wolfy87-eventemitter": "5.2.9"
      }
    },
    "parse5": {
      "version": "5.1.1",
      "resolved": "https://registry.npmjs.org/parse5/-/parse5-5.1.1.tgz",
      "integrity": "sha512-ugq4DFI0Ptb+WWjAdOK16+u/nHfiIrcE+sh8kZMaM0WllQKLI9rOUq6c2b7cwPkXdzfQESqvoqK6ug7U/Yyzug==",
      "optional": true
    },
    "platform": {
      "version": "1.3.5",
      "resolved": "https://registry.npmjs.org/platform/-/platform-1.3.5.tgz",
      "integrity": "sha512-TuvHS8AOIZNAlE77WUDiR4rySV/VMptyMfcfeoMgs4P8apaZM3JrnbzBiixKUv+XR6i+BXrQh8WAnjaSPFO65Q=="
    },
    "tslib": {
      "version": "2.0.0",
      "resolved": "https://registry.npmjs.org/tslib/-/tslib-2.0.0.tgz",
      "integrity": "sha512-lTqkx847PI7xEDYJntxZH89L2/aXInsyF2luSafe/+0fHOMjlBNXdH6th7f70qxLDhul7KZK0zC8V5ZIyHl0/g=="
    },
    "uuid": {
      "version": "7.0.3",
      "resolved": "https://registry.npmjs.org/uuid/-/uuid-7.0.3.tgz",
      "integrity": "sha512-DPSke0pXhTZgoF/d+WSt2QaKMCFSfx7QegxEWT+JOuHF5aWrKEn0G+ztjuJg/gG8/ItK+rbPCD/yNv8yyih6Cg=="
    },
    "wildemitter": {
      "version": "1.2.1",
      "resolved": "https://registry.npmjs.org/wildemitter/-/wildemitter-1.2.1.tgz",
      "integrity": "sha512-UMmSUoIQSir+XbBpTxOTS53uJ8s/lVhADCkEbhfRjUGFDPme/XGOb0sBWLx5sTz7Wx/2+TlAw1eK9O5lw5PiEw=="
    },
    "wolfy87-eventemitter": {
      "version": "5.2.9",
      "resolved": "https://registry.npmjs.org/wolfy87-eventemitter/-/wolfy87-eventemitter-5.2.9.tgz",
      "integrity": "sha512-P+6vtWyuDw+MB01X7UeF8TaHBvbCovf4HPEMF/SV7BdDc1SMTiBy13SRD71lQh4ExFTG1d/WNzDGDCyOKSMblw=="
    }
  }
}
